<?xml version="1.0" encoding="utf-8"?>
<Project ToolsVersion="4.0" xmlns="http://schemas.microsoft.com/developer/msbuild/2003">
  <ItemGroup>
    <Filter Include="Source Files">
      <UniqueIdentifier>{4FC737F1-C7A5-4376-A066-2A32D752A2FF}</UniqueIdentifier>
      <Extensions>cpp;c;cc;cxx;c++;cppm;ixx;def;odl;idl;hpj;bat;asm;asmx</Extensions>
    </Filter>
    <Filter Include="Header Files">
      <UniqueIdentifier>{93995380-89BD-4b04-88EB-625FBE52EBFB}</UniqueIdentifier>
      <Extensions>h;hh;hpp;hxx;h++;hm;inl;inc;ipp;xsd</Extensions>
    </Filter>
    <Filter Include="Resource Files">
      <UniqueIdentifier>{67DA6AB6-F800-4c08-8B7A-83BB121AAD01}</UniqueIdentifier>
      <Extensions>rc;ico;cur;bmp;dlg;rc2;rct;bin;rgs;gif;jpg;jpeg;jpe;resx;tiff;tif;png;wav;mfcribbon-ms</Extensions>
    </Filter>
    <Filter Include="classes">
      <UniqueIdentifier>{037d15dd-e7c2-44dc-9294-4d9b27ddb7a3}</UniqueIdentifier>
    </Filter>
    <Filter Include="db">
      <UniqueIdentifier>{a94c3361-5080-4474-b5af-6f14224d03d6}</UniqueIdentifier>
    </Filter>
  </ItemGroup>
  <ItemGroup>
    <ClCompile Include="main.cpp">
      <Filter>Source Files</Filter>
    </ClCompile>
    <ClCompile Include="db\mysql.cpp">
      <Filter>db</Filter>
    </ClCompile>
  </ItemGroup>
  <ItemGroup>
    <ClInclude Include="classes\championship.hpp">
      <Filter>classes</Filter>
    </ClInclude>
    <ClInclude Include="classes\club.hpp">
      <Filter>classes</Filter>
    </ClInclude>
    <ClInclude Include="classes\game.hpp">
      <Filter>classes</Filter>
    </ClInclude>
    <ClInclude Include="classes\goal.hpp">
      <Filter>classes</Filter>
    </ClInclude>
    <ClInclude Include="classes\player.hpp">
      <Filter>classes</Filter>
    </ClInclude>
    <ClInclude Include="classes\referee.hpp">
      <Filter>classes</Filter>
    </ClInclude>
    <ClInclude Include="classes\score.hpp">
      <Filter>classes</Filter>
    </ClInclude>
    <ClInclude Include="classes\team.hpp">
      <Filter>classes</Filter>
    </ClInclude>
    <ClInclude Include="db\mysql.hpp">
      <Filter>db</Filter>
    </ClInclude>
<<<<<<< HEAD
    <ClInclude Include="classes\stadium.hpp">
      <Filter>classes</Filter>
    </ClInclude>
    <ClInclude Include="classes\season.hpp">
      <Filter>classes</Filter>
    </ClInclude>
=======
    <ClInclude Include="season.hpp">
      <Filter>classes</Filter>
    </ClInclude>
    <ClInclude Include="classes\stadium.hpp">
      <Filter>classes</Filter>
    </ClInclude>
>>>>>>> 784eb5e0d96daa7cd3454dd76a9397e673a7993e
  </ItemGroup>
  <ItemGroup>
    <None Include=".gitignore" />
    <None Include="README.md" />
  </ItemGroup>
</Project>